PODS:
  - Alamofire (4.3.0)
  - InputMask (2.2.1)
  - PhoneNumberKit (1.2.2):
    - PhoneNumberKit/PhoneNumberKitCore (= 1.2.2)
    - PhoneNumberKit/UIKit (= 1.2.2)
  - PhoneNumberKit/PhoneNumberKitCore (1.2.2)
  - PhoneNumberKit/UIKit (1.2.2):
    - PhoneNumberKit/PhoneNumberKitCore
  - SDWebImage (4.0.0):
    - SDWebImage/Core (= 4.0.0)
  - SDWebImage/Core (4.0.0)
  - SearchTextField (1.1.2)
  - Toaster (2.0.1)

DEPENDENCIES:
  - Alamofire (~> 4.3)
  - InputMask
  - PhoneNumberKit (~> 1.2)
  - SDWebImage
  - SearchTextField
  - Toaster (~> 2.0)

SPEC CHECKSUMS:
  Alamofire: 856a113053a7bc9cbe5d6367a555d773fc5cfef7
  InputMask: 8d3dd6953ac869dfb8a602c8b2f380a6e19f5e50
  PhoneNumberKit: ffae8f18fb78c1425c7af973711b0b0fd4f4104f
  SDWebImage: 76a6348bdc74eb5a55dd08a091ef298e56b55e41
  SearchTextField: 98d9d9577ab9cbf0a306e300911224d28c4c43f5
  Toaster: be65cd48e93a525b2a9cc4bd25a2bfc900e02d9f

PODFILE CHECKSUM: 3afc51bc105c1cb5e802c26fb4c305f536b785cc

COCOAPODS: 1.2.1
